
Microsoft Visual Studio Solution File, Format Version 12.00
# Visual Studio Version 17
VisualStudioVersion = 17.8.34511.84
MinimumVisualStudioVersion = 10.0.40219.1
Project("{8BC9CEB8-8B4A-11D0-8D11-00A0C91BC942}") = "lab_1_1", "lab_1_1\lab_1_1.vcxproj", "{7289D1B1-5534-4884-84B2-7B6CC842E877}"
EndProject
Project("{8BC9CEB8-8B4A-11D0-8D11-00A0C91BC942}") = "lab_1_2", "lab_1_2\lab_1_2.vcxproj", "{7C5CB3EB-3268-4D62-9D2F-0CFD37840243}"
EndProject
Project("{8BC9CEB8-8B4A-11D0-8D11-00A0C91BC942}") = "lab_2_1", "lab_2_1\lab_2_1.vcxproj", "{3280846C-0CF6-452E-A957-FB1695FF6582}"
EndProject
Project("{8BC9CEB8-8B4A-11D0-8D11-00A0C91BC942}") = "lab_2_2", "lab_2_2\lab_2_2.vcxproj", "{A4BA5574-53D7-437A-BB08-A855FC637F7F}"
EndProject
Project("{8BC9CEB8-8B4A-11D0-8D11-00A0C91BC942}") = "lab_2_3", "lab_2_3\lab_2_3.vcxproj", "{623F9AF3-07D4-4AF2-B01B-D4FEDB387AB8}"
EndProject
Project("{8BC9CEB8-8B4A-11D0-8D11-00A0C91BC942}") = "lab_2_4", "lab_2_4\lab_2_4.vcxproj", "{84FE578E-AF89-432B-8F50-22905B09A2E9}"
EndProject
Project("{8BC9CEB8-8B4A-11D0-8D11-00A0C91BC942}") = "lab_4_1", "lab_4_1\lab_4_1.vcxproj", "{37644AC2-1447-45E6-9497-FD550E89E34F}"
EndProject
Project("{8BC9CEB8-8B4A-11D0-8D11-00A0C91BC942}") = "lab_3_1", "lab_3_1\lab_3_1.vcxproj", "{471243E4-88CC-4537-905C-5B8623363388}"
EndProject
Project("{8BC9CEB8-8B4A-11D0-8D11-00A0C91BC942}") = "lab_3_2", "lab_3_2\lab_3_2.vcxproj", "{9B8C3BEC-EF93-4BCA-BC22-4EE51B8D6D5B}"
EndProject
Project("{8BC9CEB8-8B4A-11D0-8D11-00A0C91BC942}") = "lab_3_3", "lab_3_3\lab_3_3.vcxproj", "{3797F3A4-1FD8-46D0-8505-ECB542C54C72}"
EndProject
Global
	GlobalSection(SolutionConfigurationPlatforms) = preSolution
		Debug|x64 = Debug|x64
		Debug|x86 = Debug|x86
		Release|x64 = Release|x64
		Release|x86 = Release|x86
	EndGlobalSection
	GlobalSection(ProjectConfigurationPlatforms) = postSolution
		{7289D1B1-5534-4884-84B2-7B6CC842E877}.Debug|x64.ActiveCfg = Debug|x64
		{7289D1B1-5534-4884-84B2-7B6CC842E877}.Debug|x64.Build.0 = Debug|x64
		{7289D1B1-5534-4884-84B2-7B6CC842E877}.Debug|x86.ActiveCfg = Debug|Win32
		{7289D1B1-5534-4884-84B2-7B6CC842E877}.Debug|x86.Build.0 = Debug|Win32
		{7289D1B1-5534-4884-84B2-7B6CC842E877}.Release|x64.ActiveCfg = Release|x64
		{7289D1B1-5534-4884-84B2-7B6CC842E877}.Release|x64.Build.0 = Release|x64
		{7289D1B1-5534-4884-84B2-7B6CC842E877}.Release|x86.ActiveCfg = Release|Win32
		{7289D1B1-5534-4884-84B2-7B6CC842E877}.Release|x86.Build.0 = Release|Win32
		{7C5CB3EB-3268-4D62-9D2F-0CFD37840243}.Debug|x64.ActiveCfg = Debug|x64
		{7C5CB3EB-3268-4D62-9D2F-0CFD37840243}.Debug|x64.Build.0 = Debug|x64
		{7C5CB3EB-3268-4D62-9D2F-0CFD37840243}.Debug|x86.ActiveCfg = Debug|Win32
		{7C5CB3EB-3268-4D62-9D2F-0CFD37840243}.Debug|x86.Build.0 = Debug|Win32
		{7C5CB3EB-3268-4D62-9D2F-0CFD37840243}.Release|x64.ActiveCfg = Release|x64
		{7C5CB3EB-3268-4D62-9D2F-0CFD37840243}.Release|x64.Build.0 = Release|x64
		{7C5CB3EB-3268-4D62-9D2F-0CFD37840243}.Release|x86.ActiveCfg = Release|Win32
		{7C5CB3EB-3268-4D62-9D2F-0CFD37840243}.Release|x86.Build.0 = Release|Win32
		{3280846C-0CF6-452E-A957-FB1695FF6582}.Debug|x64.ActiveCfg = Debug|x64
		{3280846C-0CF6-452E-A957-FB1695FF6582}.Debug|x64.Build.0 = Debug|x64
		{3280846C-0CF6-452E-A957-FB1695FF6582}.Debug|x86.ActiveCfg = Debug|Win32
		{3280846C-0CF6-452E-A957-FB1695FF6582}.Debug|x86.Build.0 = Debug|Win32
		{3280846C-0CF6-452E-A957-FB1695FF6582}.Release|x64.ActiveCfg = Release|x64
		{3280846C-0CF6-452E-A957-FB1695FF6582}.Release|x64.Build.0 = Release|x64
		{3280846C-0CF6-452E-A957-FB1695FF6582}.Release|x86.ActiveCfg = Release|Win32
		{3280846C-0CF6-452E-A957-FB1695FF6582}.Release|x86.Build.0 = Release|Win32
		{A4BA5574-53D7-437A-BB08-A855FC637F7F}.Debug|x64.ActiveCfg = Debug|x64
		{A4BA5574-53D7-437A-BB08-A855FC637F7F}.Debug|x64.Build.0 = Debug|x64
		{A4BA5574-53D7-437A-BB08-A855FC637F7F}.Debug|x86.ActiveCfg = Debug|Win32
		{A4BA5574-53D7-437A-BB08-A855FC637F7F}.Debug|x86.Build.0 = Debug|Win32
		{A4BA5574-53D7-437A-BB08-A855FC637F7F}.Release|x64.ActiveCfg = Release|x64
		{A4BA5574-53D7-437A-BB08-A855FC637F7F}.Release|x64.Build.0 = Release|x64
		{A4BA5574-53D7-437A-BB08-A855FC637F7F}.Release|x86.ActiveCfg = Release|Win32
		{A4BA5574-53D7-437A-BB08-A855FC637F7F}.Release|x86.Build.0 = Release|Win32
		{623F9AF3-07D4-4AF2-B01B-D4FEDB387AB8}.Debug|x64.ActiveCfg = Debug|x64
		{623F9AF3-07D4-4AF2-B01B-D4FEDB387AB8}.Debug|x64.Build.0 = Debug|x64
		{623F9AF3-07D4-4AF2-B01B-D4FEDB387AB8}.Debug|x86.ActiveCfg = Debug|Win32
		{623F9AF3-07D4-4AF2-B01B-D4FEDB387AB8}.Debug|x86.Build.0 = Debug|Win32
		{623F9AF3-07D4-4AF2-B01B-D4FEDB387AB8}.Release|x64.ActiveCfg = Release|x64
		{623F9AF3-07D4-4AF2-B01B-D4FEDB387AB8}.Release|x64.Build.0 = Release|x64
		{623F9AF3-07D4-4AF2-B01B-D4FEDB387AB8}.Release|x86.ActiveCfg = Release|Win32
		{623F9AF3-07D4-4AF2-B01B-D4FEDB387AB8}.Release|x86.Build.0 = Release|Win32
		{84FE578E-AF89-432B-8F50-22905B09A2E9}.Debug|x64.ActiveCfg = Debug|x64
		{84FE578E-AF89-432B-8F50-22905B09A2E9}.Debug|x64.Build.0 = Debug|x64
		{84FE578E-AF89-432B-8F50-22905B09A2E9}.Debug|x86.ActiveCfg = Debug|Win32
		{84FE578E-AF89-432B-8F50-22905B09A2E9}.Debug|x86.Build.0 = Debug|Win32
		{84FE578E-AF89-432B-8F50-22905B09A2E9}.Release|x64.ActiveCfg = Release|x64
		{84FE578E-AF89-432B-8F50-22905B09A2E9}.Release|x64.Build.0 = Release|x64
		{84FE578E-AF89-432B-8F50-22905B09A2E9}.Release|x86.ActiveCfg = Release|Win32
		{84FE578E-AF89-432B-8F50-22905B09A2E9}.Release|x86.Build.0 = Release|Win32
		{37644AC2-1447-45E6-9497-FD550E89E34F}.Debug|x64.ActiveCfg = Debug|x64
		{37644AC2-1447-45E6-9497-FD550E89E34F}.Debug|x64.Build.0 = Debug|x64
		{37644AC2-1447-45E6-9497-FD550E89E34F}.Debug|x86.ActiveCfg = Debug|Win32
		{37644AC2-1447-45E6-9497-FD550E89E34F}.Debug|x86.Build.0 = Debug|Win32
		{37644AC2-1447-45E6-9497-FD550E89E34F}.Release|x64.ActiveCfg = Release|x64
		{37644AC2-1447-45E6-9497-FD550E89E34F}.Release|x64.Build.0 = Release|x64
		{37644AC2-1447-45E6-9497-FD550E89E34F}.Release|x86.ActiveCfg = Release|Win32
		{37644AC2-1447-45E6-9497-FD550E89E34F}.Release|x86.Build.0 = Release|Win32
		{471243E4-88CC-4537-905C-5B8623363388}.Debug|x64.ActiveCfg = Debug|x64
		{471243E4-88CC-4537-905C-5B8623363388}.Debug|x64.Build.0 = Debug|x64
		{471243E4-88CC-4537-905C-5B8623363388}.Debug|x86.ActiveCfg = Debug|Win32
		{471243E4-88CC-4537-905C-5B8623363388}.Debug|x86.Build.0 = Debug|Win32
		{471243E4-88CC-4537-905C-5B8623363388}.Release|x64.ActiveCfg = Release|x64
		{471243E4-88CC-4537-905C-5B8623363388}.Release|x64.Build.0 = Release|x64
		{471243E4-88CC-4537-905C-5B8623363388}.Release|x86.ActiveCfg = Release|Win32
		{471243E4-88CC-4537-905C-5B8623363388}.Release|x86.Build.0 = Release|Win32
		{9B8C3BEC-EF93-4BCA-BC22-4EE51B8D6D5B}.Debug|x64.ActiveCfg = Debug|x64
		{9B8C3BEC-EF93-4BCA-BC22-4EE51B8D6D5B}.Debug|x64.Build.0 = Debug|x64
		{9B8C3BEC-EF93-4BCA-BC22-4EE51B8D6D5B}.Debug|x86.ActiveCfg = Debug|Win32
		{9B8C3BEC-EF93-4BCA-BC22-4EE51B8D6D5B}.Debug|x86.Build.0 = Debug|Win32
		{9B8C3BEC-EF93-4BCA-BC22-4EE51B8D6D5B}.Release|x64.ActiveCfg = Release|x64
		{9B8C3BEC-EF93-4BCA-BC22-4EE51B8D6D5B}.Release|x64.Build.0 = Release|x64
		{9B8C3BEC-EF93-4BCA-BC22-4EE51B8D6D5B}.Release|x86.ActiveCfg = Release|Win32
		{9B8C3BEC-EF93-4BCA-BC22-4EE51B8D6D5B}.Release|x86.Build.0 = Release|Win32
		{3797F3A4-1FD8-46D0-8505-ECB542C54C72}.Debug|x64.ActiveCfg = Debug|x64
		{3797F3A4-1FD8-46D0-8505-ECB542C54C72}.Debug|x64.Build.0 = Debug|x64
		{3797F3A4-1FD8-46D0-8505-ECB542C54C72}.Debug|x86.ActiveCfg = Debug|Win32
		{3797F3A4-1FD8-46D0-8505-ECB542C54C72}.Debug|x86.Build.0 = Debug|Win32
		{3797F3A4-1FD8-46D0-8505-ECB542C54C72}.Release|x64.ActiveCfg = Release|x64
		{3797F3A4-1FD8-46D0-8505-ECB542C54C72}.Release|x64.Build.0 = Release|x64
		{3797F3A4-1FD8-46D0-8505-ECB542C54C72}.Release|x86.ActiveCfg = Release|Win32
		{3797F3A4-1FD8-46D0-8505-ECB542C54C72}.Release|x86.Build.0 = Release|Win32
	EndGlobalSection
	GlobalSection(SolutionProperties) = preSolution
		HideSolutionNode = FALSE
	EndGlobalSection
	GlobalSection(ExtensibilityGlobals) = postSolution
		SolutionGuid = {F1D56100-F68F-4704-BC07-A05DDDFDBFB1}
	EndGlobalSection
EndGlobal
